
Microsoft Visual Studio Solution File, Format Version 12.00
# Visual Studio Version 17
VisualStudioVersion = 17.6.33723.286
MinimumVisualStudioVersion = 10.0.40219.1
Project("{9A19103F-16F7-4668-BE54-9A1E7A4F7556}") = "GrossMarginApp", "GrossMarginApp\GrossMarginApp.csproj", "{698CBBE8-F5AC-4DE5-AF7C-77B73C61033B}"
EndProject
Project("{9A19103F-16F7-4668-BE54-9A1E7A4F7556}") = "GrossMarginApp.Tests", "GrossMarginApp.Tests\GrossMarginApp.Tests.csproj", "{B68B43E2-5387-45F3-A88D-58DC951AF6E9}"
	ProjectSection(ProjectDependencies) = postProject
		{698CBBE8-F5AC-4DE5-AF7C-77B73C61033B} = {698CBBE8-F5AC-4DE5-AF7C-77B73C61033B}
	EndProjectSection
EndProject
Global
	GlobalSection(SolutionConfigurationPlatforms) = preSolution
		Debug|Any CPU = Debug|Any CPU
		Release|Any CPU = Release|Any CPU
	EndGlobalSection
	GlobalSection(ProjectConfigurationPlatforms) = postSolution
		{698CBBE8-F5AC-4DE5-AF7C-77B73C61033B}.Debug|Any CPU.ActiveCfg = Debug|Any CPU
		{698CBBE8-F5AC-4DE5-AF7C-77B73C61033B}.Debug|Any CPU.Build.0 = Debug|Any CPU
		{698CBBE8-F5AC-4DE5-AF7C-77B73C61033B}.Release|Any CPU.ActiveCfg = Release|Any CPU
		{698CBBE8-F5AC-4DE5-AF7C-77B73C61033B}.Release|Any CPU.Build.0 = Release|Any CPU
		{B68B43E2-5387-45F3-A88D-58DC951AF6E9}.Debug|Any CPU.ActiveCfg = Debug|Any CPU
		{B68B43E2-5387-45F3-A88D-58DC951AF6E9}.Debug|Any CPU.Build.0 = Debug|Any CPU
		{B68B43E2-5387-45F3-A88D-58DC951AF6E9}.Release|Any CPU.ActiveCfg = Release|Any CPU
		{B68B43E2-5387-45F3-A88D-58DC951AF6E9}.Release|Any CPU.Build.0 = Release|Any CPU
	EndGlobalSection
	GlobalSection(SolutionProperties) = preSolution
		HideSolutionNode = FALSE
	EndGlobalSection
	GlobalSection(ExtensibilityGlobals) = postSolution
		SolutionGuid = {7AAB1CF3-2824-4227-9333-D6DCEC5D79EE}
	EndGlobalSection
EndGlobal
